
Microsoft Visual Studio Solution File, Format Version 12.00
# Visual Studio Version 17
VisualStudioVersion = 17.1.32319.34
MinimumVisualStudioVersion = 10.0.40219.1
Project("{FAE04EC0-301F-11D3-BF4B-00C04F79EFBC}") = "Temperature Conversion", "Temperature Conversion\Temperature Conversion.csproj", "{46FDB00D-8A36-4F14-A3D3-0C0AE795A858}"
EndProject
Global
	GlobalSection(SolutionConfigurationPlatforms) = preSolution
		Debug|Any CPU = Debug|Any CPU
		Release|Any CPU = Release|Any CPU
	EndGlobalSection
	GlobalSection(ProjectConfigurationPlatforms) = postSolution
		{46FDB00D-8A36-4F14-A3D3-0C0AE795A858}.Debug|Any CPU.ActiveCfg = Debug|Any CPU
		{46FDB00D-8A36-4F14-A3D3-0C0AE795A858}.Debug|Any CPU.Build.0 = Debug|Any CPU
		{46FDB00D-8A36-4F14-A3D3-0C0AE795A858}.Release|Any CPU.ActiveCfg = Release|Any CPU
		{46FDB00D-8A36-4F14-A3D3-0C0AE795A858}.Release|Any CPU.Build.0 = Release|Any CPU
	EndGlobalSection
	GlobalSection(SolutionProperties) = preSolution
		HideSolutionNode = FALSE
	EndGlobalSection
	GlobalSection(ExtensibilityGlobals) = postSolution
		SolutionGuid = {2972B405-6360-4598-BC40-BB2BDFB10265}
	EndGlobalSection
EndGlobal
